lockfileVersion: 5.3

importers:

  .:
    specifiers:
      '@babel/runtime': 7.12.18
      '@types/jest': '>=26.0.0 <27.0.0'
      '@types/lodash.merge': 4.6.7
      '@types/lodash.omit': 4.5.7
      '@types/lodash.pick': 4.4.7
      '@types/node': 12.20.4
      '@types/react': '>=17.0.8 <18.0.0'
      '@types/react-dom': '>=17.0.5 <18.0.0'
      '@types/testing-library__jest-dom': 5.9.5
      core-js: '>=3.0.0 <4.0.0'
      fast-json-patch: 3.1.1
      lodash.merge: 4.6.2
      lodash.omit: 4.5.0
      lodash.pick: 4.4.0
    dependencies:
      '@babel/runtime': registry.npmmirror.com/@babel/runtime/7.12.18
      '@types/lodash.merge': registry.npmmirror.com/@types/lodash.merge/4.6.7
      '@types/lodash.omit': registry.npmmirror.com/@types/lodash.omit/4.5.7
      '@types/lodash.pick': registry.npmmirror.com/@types/lodash.pick/4.4.7
      core-js: registry.npmmirror.com/core-js/3.28.0
      fast-json-patch: registry.npmmirror.com/fast-json-patch/3.1.1
      lodash.merge: registry.npmmirror.com/lodash.merge/4.6.2
      lodash.omit: registry.npmmirror.com/lodash.omit/4.5.0
      lodash.pick: registry.npmmirror.com/lodash.pick/4.4.0
    devDependencies:
      '@types/jest': registry.npmmirror.com/@types/jest/26.0.24
      '@types/node': registry.npmmirror.com/@types/node/12.20.4
      '@types/react': registry.npmmirror.com/@types/react/17.0.53
      '@types/react-dom': registry.npmmirror.com/@types/react-dom/17.0.18
      '@types/testing-library__jest-dom': registry.npmmirror.com/@types/testing-library__jest-dom/5.9.5

  bit/compilations/micrc-app:
    specifiers: {}

  bit/compilations/micrc-mini:
    specifiers: {}

  bit/compilations/micrc-web:
    specifiers: {}

  bit/envs/micrc-app:
    specifiers: {}

  bit/envs/micrc-mini:
    specifiers: {}

  bit/envs/micrc-web:
    specifiers: {}

  bit/generators/component/micrc-app:
    specifiers: {}

  bit/generators/component/micrc-mini:
    specifiers: {}

  bit/generators/component/micrc-web:
    specifiers: {}

  bit/generators/workspace/micrc-domain:
    specifiers: {}

  bit/generators/workspace/micrc-system:
    specifiers: {}

  bit/runtimes/micrc-app:
    specifiers: {}

  bit/runtimes/micrc-mini:
    specifiers: {}

  bit/runtimes/micrc-web:
    specifiers: {}

packages:

  registry.npmmirror.com/@babel/runtime/7.12.18:
    resolution: {integrity: sha512-BogPQ7ciE6SYAUPtlm9tWbgI9+2AgqSam6QivMgXgAT+fKbgppaj4ZX15MHeLC1PVF5sNk70huBu20XxWOs8Cg==, registry: https://registry.npm.taobao.org/, tarball: https://registry.npmmirror.com/@babel/runtime/-/runtime-7.12.18.tgz}
    name: '@babel/runtime'
    version: 7.12.18
    dependencies:
      regenerator-runtime: registry.npmmirror.com/regenerator-runtime/0.13.11
    dev: false

  registry.npmmirror.com/@jest/types/26.6.2:
    resolution: {integrity: sha512-fC6QCp7Sc5sX6g8Tvbmj4XUTbyrik0akgRy03yjXbQaBWWNWGE7SGtJk98m0N8nzegD/7SggrUlivxo5ax4KWQ==, registry: https://registry.npm.taobao.org/, tarball: https://registry.npmmirror.com/@jest/types/-/types-26.6.2.tgz}
    name: '@jest/types'
    version: 26.6.2
    engines: {node: '>= 10.14.2'}
    dependencies:
      '@types/istanbul-lib-coverage': registry.npmmirror.com/@types/istanbul-lib-coverage/2.0.4
      '@types/istanbul-reports': registry.npmmirror.com/@types/istanbul-reports/3.0.1
      '@types/node': registry.npmmirror.com/@types/node/12.20.4
      '@types/yargs': registry.npmmirror.com/@types/yargs/15.0.15
      chalk: registry.npmmirror.com/chalk/4.1.2
    dev: true

  registry.npmmirror.com/@types/istanbul-lib-coverage/2.0.4:
    resolution: {integrity: sha512-z/QT1XN4K4KYuslS23k62yDIDLwLFkzxOuMplDtObz0+y7VqJCaO2o+SPwHCvLFZh7xazvvoor2tA/hPz9ee7g==, registry: https://registry.npm.taobao.org/, tarball: https://registry.npmmirror.com/@types/istanbul-lib-coverage/-/istanbul-lib-coverage-2.0.4.tgz}
    name: '@types/istanbul-lib-coverage'
    version: 2.0.4
    dev: true

  registry.npmmirror.com/@types/istanbul-lib-report/3.0.0:
    resolution: {integrity: sha512-plGgXAPfVKFoYfa9NpYDAkseG+g6Jr294RqeqcqDixSbU34MZVJRi/P+7Y8GDpzkEwLaGZZOpKIEmeVZNtKsrg==, registry: https://registry.npm.taobao.org/, tarball: https://registry.npmmirror.com/@types/istanbul-lib-report/-/istanbul-lib-report-3.0.0.tgz}
    name: '@types/istanbul-lib-report'
    version: 3.0.0
    dependencies:
      '@types/istanbul-lib-coverage': registry.npmmirror.com/@types/istanbul-lib-coverage/2.0.4
    dev: true

  registry.npmmirror.com/@types/istanbul-reports/3.0.1:
    resolution: {integrity: sha512-c3mAZEuK0lvBp8tmuL74XRKn1+y2dcwOUpH7x4WrF6gk1GIgiluDRgMYQtw2OFcBvAJWlt6ASU3tSqxp0Uu0Aw==, registry: https://registry.npm.taobao.org/, tarball: https://registry.npmmirror.com/@types/istanbul-reports/-/istanbul-reports-3.0.1.tgz}
    name: '@types/istanbul-reports'
    version: 3.0.1
    dependencies:
      '@types/istanbul-lib-report': registry.npmmirror.com/@types/istanbul-lib-report/3.0.0
    dev: true

  registry.npmmirror.com/@types/jest/26.0.24:
    resolution: {integrity: sha512-E/X5Vib8BWqZNRlDxj9vYXhsDwPYbPINqKF9BsnSoon4RQ0D9moEuLD8txgyypFLH7J4+Lho9Nr/c8H0Fi+17w==, registry: https://registry.npm.taobao.org/, tarball: https://registry.npmmirror.com/@types/jest/-/jest-26.0.24.tgz}
    name: '@types/jest'
    version: 26.0.24
    dependencies:
      jest-diff: registry.npmmirror.com/jest-diff/26.6.2
      pretty-format: registry.npmmirror.com/pretty-format/26.6.2
    dev: true

  registry.npmmirror.com/@types/lodash.merge/4.6.7:
    resolution: {integrity: sha512-OwxUJ9E50gw3LnAefSHJPHaBLGEKmQBQ7CZe/xflHkyy/wH2zVyEIAKReHvVrrn7zKdF58p16We9kMfh7v0RRQ==, registry: https://registry.npm.taobao.org/, tarball: https://registry.npmmirror.com/@types/lodash.merge/-/lodash.merge-4.6.7.tgz}
    name: '@types/lodash.merge'
    version: 4.6.7
    dependencies:
      '@types/lodash': registry.npmmirror.com/@types/lodash/4.14.191
    dev: false

  registry.npmmirror.com/@types/lodash.omit/4.5.7:
    resolution: {integrity: sha512-6q6cNg0tQ6oTWjSM+BcYMBhan54P/gLqBldG4AuXd3nKr0oeVekWNS4VrNEu3BhCSDXtGapi7zjhnna0s03KpA==, registry: https://registry.npm.taobao.org/, tarball: https://registry.npmmirror.com/@types/lodash.omit/-/lodash.omit-4.5.7.tgz}
    name: '@types/lodash.omit'
    version: 4.5.7
    dependencies:
      '@types/lodash': registry.npmmirror.com/@types/lodash/4.14.191
    dev: false

  registry.npmmirror.com/@types/lodash.pick/4.4.7:
    resolution: {integrity: sha512-HgdyKz7/1+oeoVzbpu1XiX/Bti9AUksHtOILH38T07aKvqoirzcdOsrO2+Yg3L51Hv/8m1MetvHZEUGeABiTiQ==, registry: https://registry.npm.taobao.org/, tarball: https://registry.npmmirror.com/@types/lodash.pick/-/lodash.pick-4.4.7.tgz}
    name: '@types/lodash.pick'
    version: 4.4.7
    dependencies:
      '@types/lodash': registry.npmmirror.com/@types/lodash/4.14.191
    dev: false

  registry.npmmirror.com/@types/lodash/4.14.191:
    resolution: {integrity: sha512-BdZ5BCCvho3EIXw6wUCXHe7rS53AIDPLE+JzwgT+OsJk53oBfbSmZZ7CX4VaRoN78N+TJpFi9QPlfIVNmJYWxQ==, registry: https://registry.npm.taobao.org/, tarball: https://registry.npmmirror.com/@types/lodash/-/lodash-4.14.191.tgz}
    name: '@types/lodash'
    version: 4.14.191
    dev: false

  registry.npmmirror.com/@types/node/12.20.4:
    resolution: {integrity: sha512-xRCgeE0Q4pT5UZ189TJ3SpYuX/QGl6QIAOAIeDSbAVAd2gX1NxSZup4jNVK7cxIeP8KDSbJgcckun495isP1jQ==, registry: https://registry.npm.taobao.org/, tarball: https://registry.npmmirror.com/@types/node/-/node-12.20.4.tgz}
    name: '@types/node'
    version: 12.20.4
    dev: true

  registry.npmmirror.com/@types/prop-types/15.7.5:
    resolution: {integrity: sha512-JCB8C6SnDoQf0cNycqd/35A7MjcnK+ZTqE7judS6o7utxUCg6imJg3QK2qzHKszlTjcj2cn+NwMB2i96ubpj7w==, registry: https://registry.npm.taobao.org/, tarball: https://registry.npmmirror.com/@types/prop-types/-/prop-types-15.7.5.tgz}
    name: '@types/prop-types'
    version: 15.7.5
    dev: true

  registry.npmmirror.com/@types/react-dom/17.0.18:
    resolution: {integrity: sha512-rLVtIfbwyur2iFKykP2w0pl/1unw26b5td16d5xMgp7/yjTHomkyxPYChFoCr/FtEX1lN9wY6lFj1qvKdS5kDw==, registry: https://registry.npm.taobao.org/, tarball: https://registry.npmmirror.com/@types/react-dom/-/react-dom-17.0.18.tgz}
    name: '@types/react-dom'
    version: 17.0.18
    dependencies:
      '@types/react': registry.npmmirror.com/@types/react/17.0.53
    dev: true

  registry.npmmirror.com/@types/react/17.0.53:
    resolution: {integrity: sha512-1yIpQR2zdYu1Z/dc1OxC+MA6GR240u3gcnP4l6mvj/PJiVaqHsQPmWttsvHsfnhfPbU2FuGmo0wSITPygjBmsw==, registry: https://registry.npm.taobao.org/, tarball: https://registry.npmmirror.com/@types/react/-/react-17.0.53.tgz}
    name: '@types/react'
    version: 17.0.53
    dependencies:
      '@types/prop-types': registry.npmmirror.com/@types/prop-types/15.7.5
      '@types/scheduler': registry.npmmirror.com/@types/scheduler/0.16.2
      csstype: registry.npmmirror.com/csstype/3.1.1
    dev: true

  registry.npmmirror.com/@types/scheduler/0.16.2:
    resolution: {integrity: sha512-hppQEBDmlwhFAXKJX2KnWLYu5yMfi91yazPb2l+lbJiwW+wdo1gNeRA+3RgNSO39WYX2euey41KEwnqesU2Jew==, registry: https://registry.npm.taobao.org/, tarball: https://registry.npmmirror.com/@types/scheduler/-/scheduler-0.16.2.tgz}
    name: '@types/scheduler'
    version: 0.16.2
    dev: true

  registry.npmmirror.com/@types/testing-library__jest-dom/5.9.5:
    resolution: {integrity: sha512-ggn3ws+yRbOHog9GxnXiEZ/35Mow6YtPZpd7Z5mKDeZS/o7zx3yAle0ov/wjhVB5QT4N2Dt+GNoGCdqkBGCajQ==, registry: https://registry.npm.taobao.org/, tarball: https://registry.npmmirror.com/@types/testing-library__jest-dom/-/testing-library__jest-dom-5.9.5.tgz}
    name: '@types/testing-library__jest-dom'
    version: 5.9.5
    dependencies:
      '@types/jest': registry.npmmirror.com/@types/jest/26.0.24
    dev: true

  registry.npmmirror.com/@types/yargs-parser/21.0.0:
    resolution: {integrity: sha512-iO9ZQHkZxHn4mSakYV0vFHAVDyEOIJQrV2uZ06HxEPcx+mt8swXoZHIbaaJ2crJYFfErySgktuTZ3BeLz+XmFA==, registry: https://registry.npm.taobao.org/, tarball: https://registry.npmmirror.com/@types/yargs-parser/-/yargs-parser-21.0.0.tgz}
    name: '@types/yargs-parser'
    version: 21.0.0
    dev: true

  registry.npmmirror.com/@types/yargs/15.0.15:
    resolution: {integrity: sha512-IziEYMU9XoVj8hWg7k+UJrXALkGFjWJhn5QFEv9q4p+v40oZhSuC135M38st8XPjICL7Ey4TV64ferBGUoJhBg==, registry: https://registry.npm.taobao.org/, tarball: https://registry.npmmirror.com/@types/yargs/-/yargs-15.0.15.tgz}
    name: '@types/yargs'
    version: 15.0.15
    dependencies:
      '@types/yargs-parser': registry.npmmirror.com/@types/yargs-parser/21.0.0
    dev: true

  registry.npmmirror.com/ansi-regex/5.0.1:
    resolution: {integrity: sha512-quJQXlTSUGL2LH9SUXo8VwsY4soanhgo6LNSm84E1LBcE8s3O0wpdiRzyR9z/ZZJMlMWv37qOOb9pdJlMUEKFQ==, registry: https://registry.npm.taobao.org/, tarball: https://registry.npmmirror.com/ansi-regex/-/ansi-regex-5.0.1.tgz}
    name: ansi-regex
    version: 5.0.1
    engines: {node: '>=8'}
    dev: true

  registry.npmmirror.com/ansi-styles/4.3.0:
    resolution: {integrity: sha512-zbB9rCJAT1rbjiVDb2hqKFHNYLxgtk8NURxZ3IZwD3F6NtxbXZQCnnSi1Lkx+IDohdPlFp222wVALIheZJQSEg==, registry: https://registry.npm.taobao.org/, tarball: https://registry.npmmirror.com/ansi-styles/-/ansi-styles-4.3.0.tgz}
    name: ansi-styles
    version: 4.3.0
    engines: {node: '>=8'}
    dependencies:
      color-convert: registry.npmmirror.com/color-convert/2.0.1
    dev: true

  registry.npmmirror.com/chalk/4.1.2:
    resolution: {integrity: sha512-oKnbhFyRIXpUuez8iBMmyEa4nbj4IOQyuhc/wy9kY7/WVPcwIO9VA668Pu8RkO7+0G76SLROeyw9CpQ061i4mA==, registry: https://registry.npm.taobao.org/, tarball: https://registry.npmmirror.com/chalk/-/chalk-4.1.2.tgz}
    name: chalk
    version: 4.1.2
    engines: {node: '>=10'}
    dependencies:
      ansi-styles: registry.npmmirror.com/ansi-styles/4.3.0
      supports-color: registry.npmmirror.com/supports-color/7.2.0
    dev: true

  registry.npmmirror.com/color-convert/2.0.1:
    resolution: {integrity: sha512-RRECPsj7iu/xb5oKYcsFHSppFNnsj/52OVTRKb4zP5onXwVF3zVmmToNcOfGC+CRDpfK/U584fMg38ZHCaElKQ==, registry: https://registry.npm.taobao.org/, tarball: https://registry.npmmirror.com/color-convert/-/color-convert-2.0.1.tgz}
    name: color-convert
    version: 2.0.1
    engines: {node: '>=7.0.0'}
    dependencies:
      color-name: registry.npmmirror.com/color-name/1.1.4
    dev: true

  registry.npmmirror.com/color-name/1.1.4:
    resolution: {integrity: sha512-dOy+3AuW3a2wNbZHIuMZpTcgjGuLU/uBL/ubcZF9OXbDo8ff4O8yVp5Bf0efS8uEoYo5q4Fx7dY9OgQGXgAsQA==, registry: https://registry.npm.taobao.org/, tarball: https://registry.npmmirror.com/color-name/-/color-name-1.1.4.tgz}
    name: color-name
    version: 1.1.4
    dev: true

  registry.npmmirror.com/core-js/3.28.0:
    resolution: {integrity: sha512-GiZn9D4Z/rSYvTeg1ljAIsEqFm0LaN9gVtwDCrKL80zHtS31p9BAjmTxVqTQDMpwlMolJZOFntUG2uwyj7DAqw==, registry: https://registry.npm.taobao.org/, tarball: https://registry.npmmirror.com/core-js/-/core-js-3.28.0.tgz}
    name: core-js
    version: 3.28.0
    requiresBuild: true
    dev: false

  registry.npmmirror.com/csstype/3.1.1:
    resolution: {integrity: sha512-DJR/VvkAvSZW9bTouZue2sSxDwdTN92uHjqeKVm+0dAqdfNykRzQ95tay8aXMBAAPpUiq4Qcug2L7neoRh2Egw==, registry: https://registry.npm.taobao.org/, tarball: https://registry.npmmirror.com/csstype/-/csstype-3.1.1.tgz}
    name: csstype
    version: 3.1.1
    dev: true

  registry.npmmirror.com/diff-sequences/26.6.2:
    resolution: {integrity: sha512-Mv/TDa3nZ9sbc5soK+OoA74BsS3mL37yixCvUAQkiuA4Wz6YtwP/K47n2rv2ovzHZvoiQeA5FTQOschKkEwB0Q==, registry: https://registry.npm.taobao.org/, tarball: https://registry.npmmirror.com/diff-sequences/-/diff-sequences-26.6.2.tgz}
    name: diff-sequences
    version: 26.6.2
    engines: {node: '>= 10.14.2'}
    dev: true

  registry.npmmirror.com/fast-json-patch/3.1.1:
    resolution: {integrity: sha512-vf6IHUX2SBcA+5/+4883dsIjpBTqmfBjmYiWK1savxQmFk4JfBMLa7ynTYOs1Rolp/T1betJxHiGD3g1Mn8lUQ==, registry: https://registry.npm.taobao.org/, tarball: https://registry.npmmirror.com/fast-json-patch/-/fast-json-patch-3.1.1.tgz}
    name: fast-json-patch
    version: 3.1.1
    dev: false

  registry.npmmirror.com/has-flag/4.0.0:
    resolution: {integrity: sha512-EykJT/Q1KjTWctppgIAgfSO0tKVuZUjhgMr17kqTumMl6Afv3EISleU7qZUzoXDFTAHTDC4NOoG/ZxU3EvlMPQ==, registry: https://registry.npm.taobao.org/, tarball: https://registry.npmmirror.com/has-flag/-/has-flag-4.0.0.tgz}
    name: has-flag
    version: 4.0.0
    engines: {node: '>=8'}
    dev: true

  registry.npmmirror.com/jest-diff/26.6.2:
    resolution: {integrity: sha512-6m+9Z3Gv9wN0WFVasqjCL/06+EFCMTqDEUl/b87HYK2rAPTyfz4ZIuSlPhY51PIQRWx5TaxeF1qmXKe9gfN3sA==, registry: https://registry.npm.taobao.org/, tarball: https://registry.npmmirror.com/jest-diff/-/jest-diff-26.6.2.tgz}
    name: jest-diff
    version: 26.6.2
    engines: {node: '>= 10.14.2'}
    dependencies:
      chalk: registry.npmmirror.com/chalk/4.1.2
      diff-sequences: registry.npmmirror.com/diff-sequences/26.6.2
      jest-get-type: registry.npmmirror.com/jest-get-type/26.3.0
      pretty-format: registry.npmmirror.com/pretty-format/26.6.2
    dev: true

  registry.npmmirror.com/jest-get-type/26.3.0:
    resolution: {integrity: sha512-TpfaviN1R2pQWkIihlfEanwOXK0zcxrKEE4MlU6Tn7keoXdN6/3gK/xl0yEh8DOunn5pOVGKf8hB4R9gVh04ig==, registry: https://registry.npm.taobao.org/, tarball: https://registry.npmmirror.com/jest-get-type/-/jest-get-type-26.3.0.tgz}
    name: jest-get-type
    version: 26.3.0
    engines: {node: '>= 10.14.2'}
    dev: true

  registry.npmmirror.com/lodash.merge/4.6.2:
    resolution: {integrity: sha512-0KpjqXRVvrYyCsX1swR/XTK0va6VQkQM6MNo7PqW77ByjAhoARA8EfrP1N4+KlKj8YS0ZUCtRT/YUuhyYDujIQ==, registry: https://registry.npm.taobao.org/, tarball: https://registry.npmmirror.com/lodash.merge/-/lodash.merge-4.6.2.tgz}
    name: lodash.merge
    version: 4.6.2
    dev: false

  registry.npmmirror.com/lodash.omit/4.5.0:
    resolution: {integrity: sha512-XeqSp49hNGmlkj2EJlfrQFIzQ6lXdNro9sddtQzcJY8QaoC2GO0DT7xaIokHeyM+mIT0mPMlPvkYzg2xCuHdZg==, registry: https://registry.npm.taobao.org/, tarball: https://registry.npmmirror.com/lodash.omit/-/lodash.omit-4.5.0.tgz}
    name: lodash.omit
    version: 4.5.0
    dev: false

  registry.npmmirror.com/lodash.pick/4.4.0:
    resolution: {integrity: sha512-hXt6Ul/5yWjfklSGvLQl8vM//l3FtyHZeuelpzK6mm99pNvN9yTDruNZPEJZD1oWrqo+izBmB7oUfWgcCX7s4Q==, registry: https://registry.npm.taobao.org/, tarball: https://registry.npmmirror.com/lodash.pick/-/lodash.pick-4.4.0.tgz}
    name: lodash.pick
    version: 4.4.0
    dev: false

  registry.npmmirror.com/pretty-format/26.6.2:
    resolution: {integrity: sha512-7AeGuCYNGmycyQbCqd/3PWH4eOoX/OiCa0uphp57NVTeAGdJGaAliecxwBDHYQCIvrW7aDBZCYeNTP/WX69mkg==, registry: https://registry.npm.taobao.org/, tarball: https://registry.npmmirror.com/pretty-format/-/pretty-format-26.6.2.tgz}
    name: pretty-format
    version: 26.6.2
    engines: {node: '>= 10'}
    dependencies:
      '@jest/types': registry.npmmirror.com/@jest/types/26.6.2
      ansi-regex: registry.npmmirror.com/ansi-regex/5.0.1
      ansi-styles: registry.npmmirror.com/ansi-styles/4.3.0
      react-is: registry.npmmirror.com/react-is/17.0.2
    dev: true

  registry.npmmirror.com/react-is/17.0.2:
    resolution: {integrity: sha512-w2GsyukL62IJnlaff/nRegPQR94C/XXamvMWmSHRJ4y7Ts/4ocGRmTHvOs8PSE6pB3dWOrD/nueuU5sduBsQ4w==, registry: https://registry.npm.taobao.org/, tarball: https://registry.npmmirror.com/react-is/-/react-is-17.0.2.tgz}
    name: react-is
    version: 17.0.2
    dev: true

  registry.npmmirror.com/regenerator-runtime/0.13.11:
    resolution: {integrity: sha512-kY1AZVr2Ra+t+piVaJ4gxaFaReZVH40AKNo7UCX6W+dEwBo/2oZJzqfuN1qLq1oL45o56cPaTXELwrTh8Fpggg==, registry: https://registry.npm.taobao.org/, tarball: https://registry.npmmirror.com/regenerator-runtime/-/regenerator-runtime-0.13.11.tgz}
    name: regenerator-runtime
    version: 0.13.11
    dev: false

  registry.npmmirror.com/supports-color/7.2.0:
    resolution: {integrity: sha512-qpCAvRl9stuOHveKsn7HncJRvv501qIacKzQlO/+Lwxc9+0q2wLyv4Dfvt80/DPn2pqOBsJdDiogXGR9+OvwRw==, registry: https://registry.npm.taobao.org/, tarball: https://registry.npmmirror.com/supports-color/-/supports-color-7.2.0.tgz}
    name: supports-color
    version: 7.2.0
    engines: {node: '>=8'}
    dependencies:
      has-flag: registry.npmmirror.com/has-flag/4.0.0
    dev: true
